<?xml version="1.0" encoding="utf-8"?>
<Project ToolsVersion="4.0" xmlns="http://schemas.microsoft.com/developer/msbuild/2003">
  <ItemGroup>
    <Filter Include="Juego">
      <UniqueIdentifier>{14a13526-9749-4834-a209-94d88c9a3021}</UniqueIdentifier>
    </Filter>
    <Filter Include="Pantallas">
      <UniqueIdentifier>{4baaf0e4-5c01-4a66-b383-4533c62faa75}</UniqueIdentifier>
    </Filter>
    <Filter Include="Objetos">
      <UniqueIdentifier>{cc352e21-1fb9-4f3a-9d00-7d6c3eea9894}</UniqueIdentifier>
    </Filter>
  </ItemGroup>
  <ItemGroup>
    <ClCompile Include="..\src\Objetos\paddles.cpp">
      <Filter>Objetos</Filter>
    </ClCompile>
    <ClCompile Include="..\src\Pantallas\game.cpp">
      <Filter>Pantallas</Filter>
    </ClCompile>
    <ClCompile Include="..\src\main.cpp" />
    <ClCompile Include="..\src\Juego\app.cpp">
      <Filter>Juego</Filter>
    </ClCompile>
  </ItemGroup>
  <ItemGroup>
    <ClInclude Include="..\src\Objetos\paddles.h">
      <Filter>Objetos</Filter>
    </ClInclude>
    <ClInclude Include="..\src\Objetos\particles.h">
      <Filter>Objetos</Filter>
    </ClInclude>
    <ClInclude Include="..\src\Juego\app.h">
      <Filter>Juego</Filter>
    </ClInclude>
  </ItemGroup>
</Project>